
Microsoft Visual Studio Solution File, Format Version 12.00
# Visual Studio Version 16
VisualStudioVersion = 16.0.28803.452
MinimumVisualStudioVersion = 15.0.26124.0
Project("{9A19103F-16F7-4668-BE54-9A1E7A4F7556}") = "RandomWalk", "Source\ChapterZero\RandomWalk\RandomWalk.csproj", "{1AAA0224-B8BA-4A3F-BCE2-1CAA0D968380}"
EndProject
Project("{2150E333-8FDC-42A3-9474-1A3956D46DE8}") = "Source", "Source", "{5DB6B2F0-D523-43E2-95BE-C94555563127}"
EndProject
Project("{2150E333-8FDC-42A3-9474-1A3956D46DE8}") = "ChapterZero", "ChapterZero", "{8D3758DC-9AC5-4091-A1D9-D035A367A8AF}"
EndProject
Project("{9A19103F-16F7-4668-BE54-9A1E7A4F7556}") = "GaussianDistribution", "Source\ChapterZero\GaussianDistribution\GaussianDistribution.csproj", "{13230B37-6976-4E09-85E9-09680CF1C5CE}"
EndProject
Project("{9A19103F-16F7-4668-BE54-9A1E7A4F7556}") = "PerlinNoise", "Source\ChapterZero\PerlinNoise\PerlinNoise.csproj", "{A9C0EDE8-54D2-45B4-8455-08318D0768F5}"
EndProject
Project("{2150E333-8FDC-42A3-9474-1A3956D46DE8}") = "NatureOfCode", "NatureOfCode", "{0BD5712F-54E2-482B-97C4-9CA84A2FCBED}"
EndProject
Project("{2150E333-8FDC-42A3-9474-1A3956D46DE8}") = "Challenges", "Challenges", "{B9F8AF82-A24A-444A-A496-D6D1D4028FCB}"
EndProject
Project("{9A19103F-16F7-4668-BE54-9A1E7A4F7556}") = "Starfield", "Challenges\Starfield\Starfield.csproj", "{E1EEBFA2-1B58-4613-9F16-70F87770A6A1}"
EndProject
Project("{9A19103F-16F7-4668-BE54-9A1E7A4F7556}") = "Snake", "Challenges\Snake\Snake.csproj", "{5E9D87AE-A91C-4AF8-8AAA-694AF733DBBA}"
EndProject
Global
	GlobalSection(SolutionConfigurationPlatforms) = preSolution
		Debug|Any CPU = Debug|Any CPU
		Debug|x64 = Debug|x64
		Debug|x86 = Debug|x86
		Release|Any CPU = Release|Any CPU
		Release|x64 = Release|x64
		Release|x86 = Release|x86
	EndGlobalSection
	GlobalSection(ProjectConfigurationPlatforms) = postSolution
		{1AAA0224-B8BA-4A3F-BCE2-1CAA0D968380}.Debug|Any CPU.ActiveCfg = Debug|Any CPU
		{1AAA0224-B8BA-4A3F-BCE2-1CAA0D968380}.Debug|Any CPU.Build.0 = Debug|Any CPU
		{1AAA0224-B8BA-4A3F-BCE2-1CAA0D968380}.Debug|x64.ActiveCfg = Debug|Any CPU
		{1AAA0224-B8BA-4A3F-BCE2-1CAA0D968380}.Debug|x64.Build.0 = Debug|Any CPU
		{1AAA0224-B8BA-4A3F-BCE2-1CAA0D968380}.Debug|x86.ActiveCfg = Debug|Any CPU
		{1AAA0224-B8BA-4A3F-BCE2-1CAA0D968380}.Debug|x86.Build.0 = Debug|Any CPU
		{1AAA0224-B8BA-4A3F-BCE2-1CAA0D968380}.Release|Any CPU.ActiveCfg = Release|Any CPU
		{1AAA0224-B8BA-4A3F-BCE2-1CAA0D968380}.Release|Any CPU.Build.0 = Release|Any CPU
		{1AAA0224-B8BA-4A3F-BCE2-1CAA0D968380}.Release|x64.ActiveCfg = Release|Any CPU
		{1AAA0224-B8BA-4A3F-BCE2-1CAA0D968380}.Release|x64.Build.0 = Release|Any CPU
		{1AAA0224-B8BA-4A3F-BCE2-1CAA0D968380}.Release|x86.ActiveCfg = Release|Any CPU
		{1AAA0224-B8BA-4A3F-BCE2-1CAA0D968380}.Release|x86.Build.0 = Release|Any CPU
		{13230B37-6976-4E09-85E9-09680CF1C5CE}.Debug|Any CPU.ActiveCfg = Debug|Any CPU
		{13230B37-6976-4E09-85E9-09680CF1C5CE}.Debug|Any CPU.Build.0 = Debug|Any CPU
		{13230B37-6976-4E09-85E9-09680CF1C5CE}.Debug|x64.ActiveCfg = Debug|Any CPU
		{13230B37-6976-4E09-85E9-09680CF1C5CE}.Debug|x64.Build.0 = Debug|Any CPU
		{13230B37-6976-4E09-85E9-09680CF1C5CE}.Debug|x86.ActiveCfg = Debug|Any CPU
		{13230B37-6976-4E09-85E9-09680CF1C5CE}.Debug|x86.Build.0 = Debug|Any CPU
		{13230B37-6976-4E09-85E9-09680CF1C5CE}.Release|Any CPU.ActiveCfg = Release|Any CPU
		{13230B37-6976-4E09-85E9-09680CF1C5CE}.Release|Any CPU.Build.0 = Release|Any CPU
		{13230B37-6976-4E09-85E9-09680CF1C5CE}.Release|x64.ActiveCfg = Release|Any CPU
		{13230B37-6976-4E09-85E9-09680CF1C5CE}.Release|x64.Build.0 = Release|Any CPU
		{13230B37-6976-4E09-85E9-09680CF1C5CE}.Release|x86.ActiveCfg = Release|Any CPU
		{13230B37-6976-4E09-85E9-09680CF1C5CE}.Release|x86.Build.0 = Release|Any CPU
		{A9C0EDE8-54D2-45B4-8455-08318D0768F5}.Debug|Any CPU.ActiveCfg = Debug|Any CPU
		{A9C0EDE8-54D2-45B4-8455-08318D0768F5}.Debug|Any CPU.Build.0 = Debug|Any CPU
		{A9C0EDE8-54D2-45B4-8455-08318D0768F5}.Debug|x64.ActiveCfg = Debug|Any CPU
		{A9C0EDE8-54D2-45B4-8455-08318D0768F5}.Debug|x64.Build.0 = Debug|Any CPU
		{A9C0EDE8-54D2-45B4-8455-08318D0768F5}.Debug|x86.ActiveCfg = Debug|Any CPU
		{A9C0EDE8-54D2-45B4-8455-08318D0768F5}.Debug|x86.Build.0 = Debug|Any CPU
		{A9C0EDE8-54D2-45B4-8455-08318D0768F5}.Release|Any CPU.ActiveCfg = Release|Any CPU
		{A9C0EDE8-54D2-45B4-8455-08318D0768F5}.Release|Any CPU.Build.0 = Release|Any CPU
		{A9C0EDE8-54D2-45B4-8455-08318D0768F5}.Release|x64.ActiveCfg = Release|Any CPU
		{A9C0EDE8-54D2-45B4-8455-08318D0768F5}.Release|x64.Build.0 = Release|Any CPU
		{A9C0EDE8-54D2-45B4-8455-08318D0768F5}.Release|x86.ActiveCfg = Release|Any CPU
		{A9C0EDE8-54D2-45B4-8455-08318D0768F5}.Release|x86.Build.0 = Release|Any CPU
		{E1EEBFA2-1B58-4613-9F16-70F87770A6A1}.Debug|Any CPU.ActiveCfg = Debug|Any CPU
		{E1EEBFA2-1B58-4613-9F16-70F87770A6A1}.Debug|Any CPU.Build.0 = Debug|Any CPU
		{E1EEBFA2-1B58-4613-9F16-70F87770A6A1}.Debug|x64.ActiveCfg = Debug|Any CPU
		{E1EEBFA2-1B58-4613-9F16-70F87770A6A1}.Debug|x64.Build.0 = Debug|Any CPU
		{E1EEBFA2-1B58-4613-9F16-70F87770A6A1}.Debug|x86.ActiveCfg = Debug|Any CPU
		{E1EEBFA2-1B58-4613-9F16-70F87770A6A1}.Debug|x86.Build.0 = Debug|Any CPU
		{E1EEBFA2-1B58-4613-9F16-70F87770A6A1}.Release|Any CPU.ActiveCfg = Release|Any CPU
		{E1EEBFA2-1B58-4613-9F16-70F87770A6A1}.Release|Any CPU.Build.0 = Release|Any CPU
		{E1EEBFA2-1B58-4613-9F16-70F87770A6A1}.Release|x64.ActiveCfg = Release|Any CPU
		{E1EEBFA2-1B58-4613-9F16-70F87770A6A1}.Release|x64.Build.0 = Release|Any CPU
		{E1EEBFA2-1B58-4613-9F16-70F87770A6A1}.Release|x86.ActiveCfg = Release|Any CPU
		{E1EEBFA2-1B58-4613-9F16-70F87770A6A1}.Release|x86.Build.0 = Release|Any CPU
		{5E9D87AE-A91C-4AF8-8AAA-694AF733DBBA}.Debug|Any CPU.ActiveCfg = Debug|Any CPU
		{5E9D87AE-A91C-4AF8-8AAA-694AF733DBBA}.Debug|Any CPU.Build.0 = Debug|Any CPU
		{5E9D87AE-A91C-4AF8-8AAA-694AF733DBBA}.Debug|x64.ActiveCfg = Debug|Any CPU
		{5E9D87AE-A91C-4AF8-8AAA-694AF733DBBA}.Debug|x64.Build.0 = Debug|Any CPU
		{5E9D87AE-A91C-4AF8-8AAA-694AF733DBBA}.Debug|x86.ActiveCfg = Debug|Any CPU
		{5E9D87AE-A91C-4AF8-8AAA-694AF733DBBA}.Debug|x86.Build.0 = Debug|Any CPU
		{5E9D87AE-A91C-4AF8-8AAA-694AF733DBBA}.Release|Any CPU.ActiveCfg = Release|Any CPU
		{5E9D87AE-A91C-4AF8-8AAA-694AF733DBBA}.Release|Any CPU.Build.0 = Release|Any CPU
		{5E9D87AE-A91C-4AF8-8AAA-694AF733DBBA}.Release|x64.ActiveCfg = Release|Any CPU
		{5E9D87AE-A91C-4AF8-8AAA-694AF733DBBA}.Release|x64.Build.0 = Release|Any CPU
		{5E9D87AE-A91C-4AF8-8AAA-694AF733DBBA}.Release|x86.ActiveCfg = Release|Any CPU
		{5E9D87AE-A91C-4AF8-8AAA-694AF733DBBA}.Release|x86.Build.0 = Release|Any CPU
	EndGlobalSection
	GlobalSection(SolutionProperties) = preSolution
		HideSolutionNode = FALSE
	EndGlobalSection
	GlobalSection(NestedProjects) = preSolution
		{1AAA0224-B8BA-4A3F-BCE2-1CAA0D968380} = {8D3758DC-9AC5-4091-A1D9-D035A367A8AF}
		{8D3758DC-9AC5-4091-A1D9-D035A367A8AF} = {0BD5712F-54E2-482B-97C4-9CA84A2FCBED}
		{13230B37-6976-4E09-85E9-09680CF1C5CE} = {8D3758DC-9AC5-4091-A1D9-D035A367A8AF}
		{A9C0EDE8-54D2-45B4-8455-08318D0768F5} = {8D3758DC-9AC5-4091-A1D9-D035A367A8AF}
		{0BD5712F-54E2-482B-97C4-9CA84A2FCBED} = {5DB6B2F0-D523-43E2-95BE-C94555563127}
		{B9F8AF82-A24A-444A-A496-D6D1D4028FCB} = {5DB6B2F0-D523-43E2-95BE-C94555563127}
		{E1EEBFA2-1B58-4613-9F16-70F87770A6A1} = {B9F8AF82-A24A-444A-A496-D6D1D4028FCB}
		{5E9D87AE-A91C-4AF8-8AAA-694AF733DBBA} = {B9F8AF82-A24A-444A-A496-D6D1D4028FCB}
	EndGlobalSection
	GlobalSection(ExtensibilityGlobals) = postSolution
		SolutionGuid = {B3379D40-7583-4595-8117-07CF69E616CC}
	EndGlobalSection
EndGlobal
