
Microsoft Visual Studio Solution File, Format Version 12.00
# Visual Studio 15
VisualStudioVersion = 15.0.26124.0
MinimumVisualStudioVersion = 15.0.26124.0
Project("{2150E333-8FDC-42A3-9474-1A3956D46DE8}") = "Source", "Source", "{734B7D28-6BF8-46F7-868C-019F6E9FE6F3}"
EndProject
Project("{2150E333-8FDC-42A3-9474-1A3956D46DE8}") = "Challenges", "Challenges", "{6519142E-6258-4683-B4E7-B11777F79BD2}"
EndProject
Project("{FAE04EC0-301F-11D3-BF4B-00C04F79EFBC}") = "GameOfLife", "Source\Challenges\GameOfLife\GameOfLife.csproj", "{936CEC2B-6F1E-4D14-9A36-096CB52CB9E3}"
EndProject
Project("{FAE04EC0-301F-11D3-BF4B-00C04F79EFBC}") = "Snake", "Source\Challenges\Snake\Snake.csproj", "{33B47FC4-040A-40EC-B1C1-B20B243E9583}"
EndProject
Project("{FAE04EC0-301F-11D3-BF4B-00C04F79EFBC}") = "Starfield", "Source\Challenges\Starfield\Starfield.csproj", "{5AD1A9C6-DD16-4AFB-905F-F5BAB52B9B3F}"
EndProject
Project("{2150E333-8FDC-42A3-9474-1A3956D46DE8}") = "ChapterZero", "ChapterZero", "{E6EE243B-B626-43BF-9322-24BF53F51082}"
EndProject
Project("{FAE04EC0-301F-11D3-BF4B-00C04F79EFBC}") = "PerlinNoise", "Source\ChapterZero\PerlinNoise\PerlinNoise.csproj", "{127A72C0-5122-4B74-844F-9AEE0F894428}"
EndProject
Project("{FAE04EC0-301F-11D3-BF4B-00C04F79EFBC}") = "GaussianDistribution", "Source\ChapterZero\GaussianDistribution\GaussianDistribution.csproj", "{29EB73EA-E142-4090-B58F-C83594247461}"
EndProject
Project("{FAE04EC0-301F-11D3-BF4B-00C04F79EFBC}") = "RandomWalk", "Source\ChapterZero\RandomWalk\RandomWalk.csproj", "{4CF3F92B-CB1B-43D6-BBA7-A029247185FE}"
EndProject
Project("{2150E333-8FDC-42A3-9474-1A3956D46DE8}") = "Basics", "Basics", "{5B9EDAC0-1106-4E4C-8220-1814C4B954B7}"
EndProject
Project("{FAE04EC0-301F-11D3-BF4B-00C04F79EFBC}") = "Cube", "Source\Basics\Cube\Cube.csproj", "{5188CC29-7D74-488F-AFBD-8CB2EBFD14A5}"
EndProject
Global
	GlobalSection(SolutionConfigurationPlatforms) = preSolution
		Debug|Any CPU = Debug|Any CPU
		Debug|x64 = Debug|x64
		Debug|x86 = Debug|x86
		Release|Any CPU = Release|Any CPU
		Release|x64 = Release|x64
		Release|x86 = Release|x86
	EndGlobalSection
	GlobalSection(SolutionProperties) = preSolution
		HideSolutionNode = FALSE
	EndGlobalSection
	GlobalSection(ProjectConfigurationPlatforms) = postSolution
		{936CEC2B-6F1E-4D14-9A36-096CB52CB9E3}.Debug|Any CPU.ActiveCfg = Debug|Any CPU
		{936CEC2B-6F1E-4D14-9A36-096CB52CB9E3}.Debug|Any CPU.Build.0 = Debug|Any CPU
		{936CEC2B-6F1E-4D14-9A36-096CB52CB9E3}.Debug|x64.ActiveCfg = Debug|Any CPU
		{936CEC2B-6F1E-4D14-9A36-096CB52CB9E3}.Debug|x64.Build.0 = Debug|Any CPU
		{936CEC2B-6F1E-4D14-9A36-096CB52CB9E3}.Debug|x86.ActiveCfg = Debug|Any CPU
		{936CEC2B-6F1E-4D14-9A36-096CB52CB9E3}.Debug|x86.Build.0 = Debug|Any CPU
		{936CEC2B-6F1E-4D14-9A36-096CB52CB9E3}.Release|Any CPU.ActiveCfg = Release|Any CPU
		{936CEC2B-6F1E-4D14-9A36-096CB52CB9E3}.Release|Any CPU.Build.0 = Release|Any CPU
		{936CEC2B-6F1E-4D14-9A36-096CB52CB9E3}.Release|x64.ActiveCfg = Release|Any CPU
		{936CEC2B-6F1E-4D14-9A36-096CB52CB9E3}.Release|x64.Build.0 = Release|Any CPU
		{936CEC2B-6F1E-4D14-9A36-096CB52CB9E3}.Release|x86.ActiveCfg = Release|Any CPU
		{936CEC2B-6F1E-4D14-9A36-096CB52CB9E3}.Release|x86.Build.0 = Release|Any CPU
		{33B47FC4-040A-40EC-B1C1-B20B243E9583}.Debug|Any CPU.ActiveCfg = Debug|Any CPU
		{33B47FC4-040A-40EC-B1C1-B20B243E9583}.Debug|Any CPU.Build.0 = Debug|Any CPU
		{33B47FC4-040A-40EC-B1C1-B20B243E9583}.Debug|x64.ActiveCfg = Debug|Any CPU
		{33B47FC4-040A-40EC-B1C1-B20B243E9583}.Debug|x64.Build.0 = Debug|Any CPU
		{33B47FC4-040A-40EC-B1C1-B20B243E9583}.Debug|x86.ActiveCfg = Debug|Any CPU
		{33B47FC4-040A-40EC-B1C1-B20B243E9583}.Debug|x86.Build.0 = Debug|Any CPU
		{33B47FC4-040A-40EC-B1C1-B20B243E9583}.Release|Any CPU.ActiveCfg = Release|Any CPU
		{33B47FC4-040A-40EC-B1C1-B20B243E9583}.Release|Any CPU.Build.0 = Release|Any CPU
		{33B47FC4-040A-40EC-B1C1-B20B243E9583}.Release|x64.ActiveCfg = Release|Any CPU
		{33B47FC4-040A-40EC-B1C1-B20B243E9583}.Release|x64.Build.0 = Release|Any CPU
		{33B47FC4-040A-40EC-B1C1-B20B243E9583}.Release|x86.ActiveCfg = Release|Any CPU
		{33B47FC4-040A-40EC-B1C1-B20B243E9583}.Release|x86.Build.0 = Release|Any CPU
		{5AD1A9C6-DD16-4AFB-905F-F5BAB52B9B3F}.Debug|Any CPU.ActiveCfg = Debug|Any CPU
		{5AD1A9C6-DD16-4AFB-905F-F5BAB52B9B3F}.Debug|Any CPU.Build.0 = Debug|Any CPU
		{5AD1A9C6-DD16-4AFB-905F-F5BAB52B9B3F}.Debug|x64.ActiveCfg = Debug|Any CPU
		{5AD1A9C6-DD16-4AFB-905F-F5BAB52B9B3F}.Debug|x64.Build.0 = Debug|Any CPU
		{5AD1A9C6-DD16-4AFB-905F-F5BAB52B9B3F}.Debug|x86.ActiveCfg = Debug|Any CPU
		{5AD1A9C6-DD16-4AFB-905F-F5BAB52B9B3F}.Debug|x86.Build.0 = Debug|Any CPU
		{5AD1A9C6-DD16-4AFB-905F-F5BAB52B9B3F}.Release|Any CPU.ActiveCfg = Release|Any CPU
		{5AD1A9C6-DD16-4AFB-905F-F5BAB52B9B3F}.Release|Any CPU.Build.0 = Release|Any CPU
		{5AD1A9C6-DD16-4AFB-905F-F5BAB52B9B3F}.Release|x64.ActiveCfg = Release|Any CPU
		{5AD1A9C6-DD16-4AFB-905F-F5BAB52B9B3F}.Release|x64.Build.0 = Release|Any CPU
		{5AD1A9C6-DD16-4AFB-905F-F5BAB52B9B3F}.Release|x86.ActiveCfg = Release|Any CPU
		{5AD1A9C6-DD16-4AFB-905F-F5BAB52B9B3F}.Release|x86.Build.0 = Release|Any CPU
		{127A72C0-5122-4B74-844F-9AEE0F894428}.Debug|Any CPU.ActiveCfg = Debug|Any CPU
		{127A72C0-5122-4B74-844F-9AEE0F894428}.Debug|Any CPU.Build.0 = Debug|Any CPU
		{127A72C0-5122-4B74-844F-9AEE0F894428}.Debug|x64.ActiveCfg = Debug|Any CPU
		{127A72C0-5122-4B74-844F-9AEE0F894428}.Debug|x64.Build.0 = Debug|Any CPU
		{127A72C0-5122-4B74-844F-9AEE0F894428}.Debug|x86.ActiveCfg = Debug|Any CPU
		{127A72C0-5122-4B74-844F-9AEE0F894428}.Debug|x86.Build.0 = Debug|Any CPU
		{127A72C0-5122-4B74-844F-9AEE0F894428}.Release|Any CPU.ActiveCfg = Release|Any CPU
		{127A72C0-5122-4B74-844F-9AEE0F894428}.Release|Any CPU.Build.0 = Release|Any CPU
		{127A72C0-5122-4B74-844F-9AEE0F894428}.Release|x64.ActiveCfg = Release|Any CPU
		{127A72C0-5122-4B74-844F-9AEE0F894428}.Release|x64.Build.0 = Release|Any CPU
		{127A72C0-5122-4B74-844F-9AEE0F894428}.Release|x86.ActiveCfg = Release|Any CPU
		{127A72C0-5122-4B74-844F-9AEE0F894428}.Release|x86.Build.0 = Release|Any CPU
		{29EB73EA-E142-4090-B58F-C83594247461}.Debug|Any CPU.ActiveCfg = Debug|Any CPU
		{29EB73EA-E142-4090-B58F-C83594247461}.Debug|Any CPU.Build.0 = Debug|Any CPU
		{29EB73EA-E142-4090-B58F-C83594247461}.Debug|x64.ActiveCfg = Debug|Any CPU
		{29EB73EA-E142-4090-B58F-C83594247461}.Debug|x64.Build.0 = Debug|Any CPU
		{29EB73EA-E142-4090-B58F-C83594247461}.Debug|x86.ActiveCfg = Debug|Any CPU
		{29EB73EA-E142-4090-B58F-C83594247461}.Debug|x86.Build.0 = Debug|Any CPU
		{29EB73EA-E142-4090-B58F-C83594247461}.Release|Any CPU.ActiveCfg = Release|Any CPU
		{29EB73EA-E142-4090-B58F-C83594247461}.Release|Any CPU.Build.0 = Release|Any CPU
		{29EB73EA-E142-4090-B58F-C83594247461}.Release|x64.ActiveCfg = Release|Any CPU
		{29EB73EA-E142-4090-B58F-C83594247461}.Release|x64.Build.0 = Release|Any CPU
		{29EB73EA-E142-4090-B58F-C83594247461}.Release|x86.ActiveCfg = Release|Any CPU
		{29EB73EA-E142-4090-B58F-C83594247461}.Release|x86.Build.0 = Release|Any CPU
		{4CF3F92B-CB1B-43D6-BBA7-A029247185FE}.Debug|Any CPU.ActiveCfg = Debug|Any CPU
		{4CF3F92B-CB1B-43D6-BBA7-A029247185FE}.Debug|Any CPU.Build.0 = Debug|Any CPU
		{4CF3F92B-CB1B-43D6-BBA7-A029247185FE}.Debug|x64.ActiveCfg = Debug|Any CPU
		{4CF3F92B-CB1B-43D6-BBA7-A029247185FE}.Debug|x64.Build.0 = Debug|Any CPU
		{4CF3F92B-CB1B-43D6-BBA7-A029247185FE}.Debug|x86.ActiveCfg = Debug|Any CPU
		{4CF3F92B-CB1B-43D6-BBA7-A029247185FE}.Debug|x86.Build.0 = Debug|Any CPU
		{4CF3F92B-CB1B-43D6-BBA7-A029247185FE}.Release|Any CPU.ActiveCfg = Release|Any CPU
		{4CF3F92B-CB1B-43D6-BBA7-A029247185FE}.Release|Any CPU.Build.0 = Release|Any CPU
		{4CF3F92B-CB1B-43D6-BBA7-A029247185FE}.Release|x64.ActiveCfg = Release|Any CPU
		{4CF3F92B-CB1B-43D6-BBA7-A029247185FE}.Release|x64.Build.0 = Release|Any CPU
		{4CF3F92B-CB1B-43D6-BBA7-A029247185FE}.Release|x86.ActiveCfg = Release|Any CPU
		{4CF3F92B-CB1B-43D6-BBA7-A029247185FE}.Release|x86.Build.0 = Release|Any CPU
		{5188CC29-7D74-488F-AFBD-8CB2EBFD14A5}.Debug|Any CPU.ActiveCfg = Debug|Any CPU
		{5188CC29-7D74-488F-AFBD-8CB2EBFD14A5}.Debug|Any CPU.Build.0 = Debug|Any CPU
		{5188CC29-7D74-488F-AFBD-8CB2EBFD14A5}.Debug|x64.ActiveCfg = Debug|Any CPU
		{5188CC29-7D74-488F-AFBD-8CB2EBFD14A5}.Debug|x64.Build.0 = Debug|Any CPU
		{5188CC29-7D74-488F-AFBD-8CB2EBFD14A5}.Debug|x86.ActiveCfg = Debug|Any CPU
		{5188CC29-7D74-488F-AFBD-8CB2EBFD14A5}.Debug|x86.Build.0 = Debug|Any CPU
		{5188CC29-7D74-488F-AFBD-8CB2EBFD14A5}.Release|Any CPU.ActiveCfg = Release|Any CPU
		{5188CC29-7D74-488F-AFBD-8CB2EBFD14A5}.Release|Any CPU.Build.0 = Release|Any CPU
		{5188CC29-7D74-488F-AFBD-8CB2EBFD14A5}.Release|x64.ActiveCfg = Release|Any CPU
		{5188CC29-7D74-488F-AFBD-8CB2EBFD14A5}.Release|x64.Build.0 = Release|Any CPU
		{5188CC29-7D74-488F-AFBD-8CB2EBFD14A5}.Release|x86.ActiveCfg = Release|Any CPU
		{5188CC29-7D74-488F-AFBD-8CB2EBFD14A5}.Release|x86.Build.0 = Release|Any CPU
	EndGlobalSection
	GlobalSection(NestedProjects) = preSolution
		{6519142E-6258-4683-B4E7-B11777F79BD2} = {734B7D28-6BF8-46F7-868C-019F6E9FE6F3}
		{936CEC2B-6F1E-4D14-9A36-096CB52CB9E3} = {6519142E-6258-4683-B4E7-B11777F79BD2}
		{33B47FC4-040A-40EC-B1C1-B20B243E9583} = {6519142E-6258-4683-B4E7-B11777F79BD2}
		{5AD1A9C6-DD16-4AFB-905F-F5BAB52B9B3F} = {6519142E-6258-4683-B4E7-B11777F79BD2}
		{E6EE243B-B626-43BF-9322-24BF53F51082} = {734B7D28-6BF8-46F7-868C-019F6E9FE6F3}
		{127A72C0-5122-4B74-844F-9AEE0F894428} = {E6EE243B-B626-43BF-9322-24BF53F51082}
		{29EB73EA-E142-4090-B58F-C83594247461} = {E6EE243B-B626-43BF-9322-24BF53F51082}
		{4CF3F92B-CB1B-43D6-BBA7-A029247185FE} = {E6EE243B-B626-43BF-9322-24BF53F51082}
		{5B9EDAC0-1106-4E4C-8220-1814C4B954B7} = {734B7D28-6BF8-46F7-868C-019F6E9FE6F3}
		{5188CC29-7D74-488F-AFBD-8CB2EBFD14A5} = {5B9EDAC0-1106-4E4C-8220-1814C4B954B7}
	EndGlobalSection
EndGlobal
